
Microsoft Visual Studio Solution File, Format Version 12.00
# Visual Studio Version 16
VisualStudioVersion = 16.0.33927.289
MinimumVisualStudioVersion = 10.0.40219.1
Project("{2150E333-8FDC-42A3-9474-1A3956D46DE8}") = "Task0", "Task0", "{FCF17011-88BB-4D87-99DD-CDA8A0314DE1}"
EndProject
Project("{FAE04EC0-301F-11D3-BF4B-00C04F79EFBC}") = "Tyuiu.GrigorevKU.Sprint4.Task0.V25", "Tyuiu.GrigorevKU.Sprint4.Task0.V25\Tyuiu.GrigorevKU.Sprint4.Task0.V25.csproj", "{847C3154-FE75-4AC8-BFD1-3228FB6813BE}"
EndProject
Project("{FAE04EC0-301F-11D3-BF4B-00C04F79EFBC}") = "Tyuiu.GrigorevKU.Sprint4.Task0.V25.Test", "Tyuiu.GrigorevKU.Sprint4.Task0.V25.Test\Tyuiu.GrigorevKU.Sprint4.Task0.V25.Test.csproj", "{EF178CC2-9563-476B-B39E-97857E2B59A5}"
EndProject
Project("{FAE04EC0-301F-11D3-BF4B-00C04F79EFBC}") = "Tyuiu.GrigorevKU.Sprint4.Task0.V25.Lib", "Tyuiu.GrigorevKU.Sprint4.Task0.V25.Lib\Tyuiu.GrigorevKU.Sprint4.Task0.V25.Lib.csproj", "{1354529F-50D2-4A1E-9B3C-A331C9A86498}"
EndProject
Project("{2150E333-8FDC-42A3-9474-1A3956D46DE8}") = "Task1", "Task1", "{3C8A6BED-6FB9-4D6B-BEC8-0379D4DED444}"
EndProject
Project("{FAE04EC0-301F-11D3-BF4B-00C04F79EFBC}") = "Tyuiu.GrigorevKU.Sprint4.Task1.V7", "Tyuiu.GrigorevKU.Sprint4.Task1.V7\Tyuiu.GrigorevKU.Sprint4.Task1.V7.csproj", "{8E1E6248-3D3A-4DCC-BC69-EBDD036ED67F}"
EndProject
Project("{FAE04EC0-301F-11D3-BF4B-00C04F79EFBC}") = "Tyuiu.GrigorevKU.Sprint4.Task1.V7.Lib", "Tyuiu.GrigorevKU.Sprint4.Task1.V7.Lib\Tyuiu.GrigorevKU.Sprint4.Task1.V7.Lib.csproj", "{7A43DB64-9034-48B6-B0A4-B5BADAD704B0}"
EndProject
Project("{FAE04EC0-301F-11D3-BF4B-00C04F79EFBC}") = "Tyuiu.GrigorevKU.Sprint4.Task1.V7.Test", "Tyuiu.GrigorevKU.Sprint4.Task1.V7.Test\Tyuiu.GrigorevKU.Sprint4.Task1.V7.Test.csproj", "{8D541697-6F6C-4F03-9C53-3B5EA9FDFA1A}"
EndProject
Project("{2150E333-8FDC-42A3-9474-1A3956D46DE8}") = "Task2", "Task2", "{71350F93-CCB0-42D2-A991-3205B57E6393}"
EndProject
Project("{FAE04EC0-301F-11D3-BF4B-00C04F79EFBC}") = "Tyuiu.GrigorevKU.Sprint4.Task2.V7.Test", "Tyuiu.GrigorevKU.Sprint4.Task2.V7.Test\Tyuiu.GrigorevKU.Sprint4.Task2.V7.Test.csproj", "{CDB071AC-ED72-467C-8BD6-1B51F20EAB57}"
EndProject
Project("{FAE04EC0-301F-11D3-BF4B-00C04F79EFBC}") = "Tyuiu.GrigorevKU.Sprint4.Task2.V7.Lib", "Tyuiu.GrigorevKU.Sprint4.Task2.V7.Lib\Tyuiu.GrigorevKU.Sprint4.Task2.V7.Lib.csproj", "{0D1E0B2E-F1CD-4175-9284-59E04FFDC51F}"
EndProject
Project("{FAE04EC0-301F-11D3-BF4B-00C04F79EFBC}") = "Tyuiu.GrigorevKU.Sprint4.Task2.V7", "Tyuiu.GrigorevKU.Sprint4.Task2.V7\Tyuiu.GrigorevKU.Sprint4.Task2.V7.csproj", "{6C8162BE-113F-49B4-B4F2-2950EBA914A3}"
EndProject
Project("{2150E333-8FDC-42A3-9474-1A3956D46DE8}") = "Task3", "Task3", "{28815182-7A0E-4180-B6CC-210E3D346708}"
EndProject
Project("{FAE04EC0-301F-11D3-BF4B-00C04F79EFBC}") = "Tyuiu.GrigorevKU.Sprint4.Task3.V11", "Tyuiu.GrigorevKU.Sprint4.Task3.V11\Tyuiu.GrigorevKU.Sprint4.Task3.V11.csproj", "{FA828D43-F0B0-41F6-BE7C-48D146CE7A74}"
EndProject
Project("{FAE04EC0-301F-11D3-BF4B-00C04F79EFBC}") = "Tyuiu.GrigorevKU.Sprint4.Task3.V11.Lib", "Tyuiu.GrigorevKU.Sprint4.Task3.V11.Lib\Tyuiu.GrigorevKU.Sprint4.Task3.V11.Lib.csproj", "{863B6561-A219-405F-93E9-B83006CC0EA3}"
EndProject
Project("{FAE04EC0-301F-11D3-BF4B-00C04F79EFBC}") = "Tyuiu.GrigorevKU.Sprint4.Task3.V11.Test", "Tyuiu.GrigorevKU.Sprint4.Task3.V11.Test\Tyuiu.GrigorevKU.Sprint4.Task3.V11.Test.csproj", "{A3146EFE-2CF9-491D-9132-3429E443FE7C}"
EndProject
Project("{2150E333-8FDC-42A3-9474-1A3956D46DE8}") = "Task4", "Task4", "{7557B267-3313-4C87-AEEA-5968522F1403}"
EndProject
Project("{FAE04EC0-301F-11D3-BF4B-00C04F79EFBC}") = "Tyuiu.GrigorevKU.Sprint4.Task4.V8", "Tyuiu.GrigorevKU.Sprint4.Task4.V8\Tyuiu.GrigorevKU.Sprint4.Task4.V8.csproj", "{B63073EB-A19D-46B7-9FC6-0492EF390F69}"
EndProject
Project("{FAE04EC0-301F-11D3-BF4B-00C04F79EFBC}") = "Tyuiu.GrigorevKU.Sprint4.Task4.V8.Lib", "Tyuiu.GrigorevKU.Sprint4.Task4.V8.Lib\Tyuiu.GrigorevKU.Sprint4.Task4.V8.Lib.csproj", "{71954BC1-D0D0-4B4D-A4B1-5BB56488257E}"
EndProject
Project("{FAE04EC0-301F-11D3-BF4B-00C04F79EFBC}") = "Tyuiu.GrigorevKU.Sprint4.Task4.V8.Test", "Tyuiu.GrigorevKU.Sprint4.Task4.V8.Test\Tyuiu.GrigorevKU.Sprint4.Task4.V8.Test.csproj", "{0D346657-040B-4F11-B0D7-D4D39905CF6D}"
EndProject
Project("{2150E333-8FDC-42A3-9474-1A3956D46DE8}") = "Task5", "Task5", "{E2D36696-BB8C-4E7A-8319-CF783F0ABC27}"
EndProject
Project("{FAE04EC0-301F-11D3-BF4B-00C04F79EFBC}") = "Tyuiu.GrigorevKU.Sprint4.Task5.V2", "Tyuiu.GrigorevKU.Sprint4.Task5.V2\Tyuiu.GrigorevKU.Sprint4.Task5.V2.csproj", "{868C0A96-6261-4861-9207-C592F795F118}"
EndProject
Project("{FAE04EC0-301F-11D3-BF4B-00C04F79EFBC}") = "Tyuiu.GrigorevKU.Sprint4.Task5.V2.Lib", "Tyuiu.GrigorevKU.Sprint4.Task5.V2.Lib\Tyuiu.GrigorevKU.Sprint4.Task5.V2.Lib.csproj", "{A8FCEE79-0FEB-4C80-A594-7FB835931D3E}"
EndProject
Project("{FAE04EC0-301F-11D3-BF4B-00C04F79EFBC}") = "Tyuiu.GrigorevKU.Sprint4.Task5.V2.Test", "Tyuiu.GrigorevKU.Sprint4.Task5.V2.Test\Tyuiu.GrigorevKU.Sprint4.Task5.V2.Test.csproj", "{B3A157A2-B993-465E-92A6-9087286A57FA}"
EndProject
Project("{2150E333-8FDC-42A3-9474-1A3956D46DE8}") = "Task6", "Task6", "{F4BA0CB7-FC3D-46C9-B5CF-1FEE35771F9C}"
EndProject
Project("{FAE04EC0-301F-11D3-BF4B-00C04F79EFBC}") = "Tyuiu.GrigorevKU.Sprint4.Task6.V21", "Tyuiu.GrigorevKU.Sprint4.Task6.V21\Tyuiu.GrigorevKU.Sprint4.Task6.V21.csproj", "{BFD5DB68-3D96-4C16-A74F-94EB139E3173}"
EndProject
Project("{FAE04EC0-301F-11D3-BF4B-00C04F79EFBC}") = "Tyuiu.GrigorevKU.Sprint4.Task6.V21.Lib", "Tyuiu.GrigorevKU.Sprint4.Task6.V21.Lib\Tyuiu.GrigorevKU.Sprint4.Task6.V21.Lib.csproj", "{719092CD-DBC1-4994-8EC3-8F6BC7A09648}"
EndProject
Project("{FAE04EC0-301F-11D3-BF4B-00C04F79EFBC}") = "Tyuiu.GrigorevKU.Sprint4.Task6.V21.Test", "Tyuiu.GrigorevKU.Sprint4.Task6.V21.Test\Tyuiu.GrigorevKU.Sprint4.Task6.V21.Test.csproj", "{89FAB8C2-F7D7-42B8-ACAA-D5F966F934EA}"
EndProject
Project("{2150E333-8FDC-42A3-9474-1A3956D46DE8}") = "Task7", "Task7", "{166B3F6F-4B6F-4E06-8016-0367A32DECD2}"
EndProject
Project("{FAE04EC0-301F-11D3-BF4B-00C04F79EFBC}") = "Tyuiu.GrigorevKU.Sprint4.Task7.V16", "Tyuiu.GrigorevKU.Sprint4.Task7.V16\Tyuiu.GrigorevKU.Sprint4.Task7.V16.csproj", "{CD6F6E8E-1D05-479B-AB2A-6AEAE8924CD1}"
EndProject
Project("{FAE04EC0-301F-11D3-BF4B-00C04F79EFBC}") = "Tyuiu.GrigorevKU.Sprint4.Task7.V16.Lib", "Tyuiu.GrigorevKU.Sprint4.Task7.V16.Lib\Tyuiu.GrigorevKU.Sprint4.Task7.V16.Lib.csproj", "{A82F2459-A6AF-4F3F-ADCE-20D6EC0E340E}"
EndProject
Project("{FAE04EC0-301F-11D3-BF4B-00C04F79EFBC}") = "Tyuiu.GrigorevKU.Sprint4.Task7.V16.Test", "Tyuiu.GrigorevKU.Sprint4.Task7.V16.Test\Tyuiu.GrigorevKU.Sprint4.Task7.V16.Test.csproj", "{04A76D4B-6C10-4BF2-AB08-F3E02E121068}"
EndProject
Global
	GlobalSection(SolutionConfigurationPlatforms) = preSolution
		Debug|Any CPU = Debug|Any CPU
		Release|Any CPU = Release|Any CPU
	EndGlobalSection
	GlobalSection(ProjectConfigurationPlatforms) = postSolution
		{847C3154-FE75-4AC8-BFD1-3228FB6813BE}.Debug|Any CPU.ActiveCfg = Debug|Any CPU
		{847C3154-FE75-4AC8-BFD1-3228FB6813BE}.Debug|Any CPU.Build.0 = Debug|Any CPU
		{847C3154-FE75-4AC8-BFD1-3228FB6813BE}.Release|Any CPU.ActiveCfg = Release|Any CPU
		{847C3154-FE75-4AC8-BFD1-3228FB6813BE}.Release|Any CPU.Build.0 = Release|Any CPU
		{EF178CC2-9563-476B-B39E-97857E2B59A5}.Debug|Any CPU.ActiveCfg = Debug|Any CPU
		{EF178CC2-9563-476B-B39E-97857E2B59A5}.Debug|Any CPU.Build.0 = Debug|Any CPU
		{EF178CC2-9563-476B-B39E-97857E2B59A5}.Release|Any CPU.ActiveCfg = Release|Any CPU
		{EF178CC2-9563-476B-B39E-97857E2B59A5}.Release|Any CPU.Build.0 = Release|Any CPU
		{1354529F-50D2-4A1E-9B3C-A331C9A86498}.Debug|Any CPU.ActiveCfg = Debug|Any CPU
		{1354529F-50D2-4A1E-9B3C-A331C9A86498}.Debug|Any CPU.Build.0 = Debug|Any CPU
		{1354529F-50D2-4A1E-9B3C-A331C9A86498}.Release|Any CPU.ActiveCfg = Release|Any CPU
		{1354529F-50D2-4A1E-9B3C-A331C9A86498}.Release|Any CPU.Build.0 = Release|Any CPU
		{8E1E6248-3D3A-4DCC-BC69-EBDD036ED67F}.Debug|Any CPU.ActiveCfg = Debug|Any CPU
		{8E1E6248-3D3A-4DCC-BC69-EBDD036ED67F}.Debug|Any CPU.Build.0 = Debug|Any CPU
		{8E1E6248-3D3A-4DCC-BC69-EBDD036ED67F}.Release|Any CPU.ActiveCfg = Release|Any CPU
		{8E1E6248-3D3A-4DCC-BC69-EBDD036ED67F}.Release|Any CPU.Build.0 = Release|Any CPU
		{7A43DB64-9034-48B6-B0A4-B5BADAD704B0}.Debug|Any CPU.ActiveCfg = Debug|Any CPU
		{7A43DB64-9034-48B6-B0A4-B5BADAD704B0}.Debug|Any CPU.Build.0 = Debug|Any CPU
		{7A43DB64-9034-48B6-B0A4-B5BADAD704B0}.Release|Any CPU.ActiveCfg = Release|Any CPU
		{7A43DB64-9034-48B6-B0A4-B5BADAD704B0}.Release|Any CPU.Build.0 = Release|Any CPU
		{8D541697-6F6C-4F03-9C53-3B5EA9FDFA1A}.Debug|Any CPU.ActiveCfg = Debug|Any CPU
		{8D541697-6F6C-4F03-9C53-3B5EA9FDFA1A}.Debug|Any CPU.Build.0 = Debug|Any CPU
		{8D541697-6F6C-4F03-9C53-3B5EA9FDFA1A}.Release|Any CPU.ActiveCfg = Release|Any CPU
		{8D541697-6F6C-4F03-9C53-3B5EA9FDFA1A}.Release|Any CPU.Build.0 = Release|Any CPU
		{CDB071AC-ED72-467C-8BD6-1B51F20EAB57}.Debug|Any CPU.ActiveCfg = Debug|Any CPU
		{CDB071AC-ED72-467C-8BD6-1B51F20EAB57}.Debug|Any CPU.Build.0 = Debug|Any CPU
		{CDB071AC-ED72-467C-8BD6-1B51F20EAB57}.Release|Any CPU.ActiveCfg = Release|Any CPU
		{CDB071AC-ED72-467C-8BD6-1B51F20EAB57}.Release|Any CPU.Build.0 = Release|Any CPU
		{0D1E0B2E-F1CD-4175-9284-59E04FFDC51F}.Debug|Any CPU.ActiveCfg = Debug|Any CPU
		{0D1E0B2E-F1CD-4175-9284-59E04FFDC51F}.Debug|Any CPU.Build.0 = Debug|Any CPU
		{0D1E0B2E-F1CD-4175-9284-59E04FFDC51F}.Release|Any CPU.ActiveCfg = Release|Any CPU
		{0D1E0B2E-F1CD-4175-9284-59E04FFDC51F}.Release|Any CPU.Build.0 = Release|Any CPU
		{6C8162BE-113F-49B4-B4F2-2950EBA914A3}.Debug|Any CPU.ActiveCfg = Debug|Any CPU
		{6C8162BE-113F-49B4-B4F2-2950EBA914A3}.Debug|Any CPU.Build.0 = Debug|Any CPU
		{6C8162BE-113F-49B4-B4F2-2950EBA914A3}.Release|Any CPU.ActiveCfg = Release|Any CPU
		{6C8162BE-113F-49B4-B4F2-2950EBA914A3}.Release|Any CPU.Build.0 = Release|Any CPU
		{FA828D43-F0B0-41F6-BE7C-48D146CE7A74}.Debug|Any CPU.ActiveCfg = Debug|Any CPU
		{FA828D43-F0B0-41F6-BE7C-48D146CE7A74}.Debug|Any CPU.Build.0 = Debug|Any CPU
		{FA828D43-F0B0-41F6-BE7C-48D146CE7A74}.Release|Any CPU.ActiveCfg = Release|Any CPU
		{FA828D43-F0B0-41F6-BE7C-48D146CE7A74}.Release|Any CPU.Build.0 = Release|Any CPU
		{863B6561-A219-405F-93E9-B83006CC0EA3}.Debug|Any CPU.ActiveCfg = Debug|Any CPU
		{863B6561-A219-405F-93E9-B83006CC0EA3}.Debug|Any CPU.Build.0 = Debug|Any CPU
		{863B6561-A219-405F-93E9-B83006CC0EA3}.Release|Any CPU.ActiveCfg = Release|Any CPU
		{863B6561-A219-405F-93E9-B83006CC0EA3}.Release|Any CPU.Build.0 = Release|Any CPU
		{A3146EFE-2CF9-491D-9132-3429E443FE7C}.Debug|Any CPU.ActiveCfg = Debug|Any CPU
		{A3146EFE-2CF9-491D-9132-3429E443FE7C}.Debug|Any CPU.Build.0 = Debug|Any CPU
		{A3146EFE-2CF9-491D-9132-3429E443FE7C}.Release|Any CPU.ActiveCfg = Release|Any CPU
		{A3146EFE-2CF9-491D-9132-3429E443FE7C}.Release|Any CPU.Build.0 = Release|Any CPU
		{B63073EB-A19D-46B7-9FC6-0492EF390F69}.Debug|Any CPU.ActiveCfg = Debug|Any CPU
		{B63073EB-A19D-46B7-9FC6-0492EF390F69}.Debug|Any CPU.Build.0 = Debug|Any CPU
		{B63073EB-A19D-46B7-9FC6-0492EF390F69}.Release|Any CPU.ActiveCfg = Release|Any CPU
		{B63073EB-A19D-46B7-9FC6-0492EF390F69}.Release|Any CPU.Build.0 = Release|Any CPU
		{71954BC1-D0D0-4B4D-A4B1-5BB56488257E}.Debug|Any CPU.ActiveCfg = Debug|Any CPU
		{71954BC1-D0D0-4B4D-A4B1-5BB56488257E}.Debug|Any CPU.Build.0 = Debug|Any CPU
		{71954BC1-D0D0-4B4D-A4B1-5BB56488257E}.Release|Any CPU.ActiveCfg = Release|Any CPU
		{71954BC1-D0D0-4B4D-A4B1-5BB56488257E}.Release|Any CPU.Build.0 = Release|Any CPU
		{0D346657-040B-4F11-B0D7-D4D39905CF6D}.Debug|Any CPU.ActiveCfg = Debug|Any CPU
		{0D346657-040B-4F11-B0D7-D4D39905CF6D}.Debug|Any CPU.Build.0 = Debug|Any CPU
		{0D346657-040B-4F11-B0D7-D4D39905CF6D}.Release|Any CPU.ActiveCfg = Release|Any CPU
		{0D346657-040B-4F11-B0D7-D4D39905CF6D}.Release|Any CPU.Build.0 = Release|Any CPU
		{868C0A96-6261-4861-9207-C592F795F118}.Debug|Any CPU.ActiveCfg = Debug|Any CPU
		{868C0A96-6261-4861-9207-C592F795F118}.Debug|Any CPU.Build.0 = Debug|Any CPU
		{868C0A96-6261-4861-9207-C592F795F118}.Release|Any CPU.ActiveCfg = Release|Any CPU
		{868C0A96-6261-4861-9207-C592F795F118}.Release|Any CPU.Build.0 = Release|Any CPU
		{A8FCEE79-0FEB-4C80-A594-7FB835931D3E}.Debug|Any CPU.ActiveCfg = Debug|Any CPU
		{A8FCEE79-0FEB-4C80-A594-7FB835931D3E}.Debug|Any CPU.Build.0 = Debug|Any CPU
		{A8FCEE79-0FEB-4C80-A594-7FB835931D3E}.Release|Any CPU.ActiveCfg = Release|Any CPU
		{A8FCEE79-0FEB-4C80-A594-7FB835931D3E}.Release|Any CPU.Build.0 = Release|Any CPU
		{B3A157A2-B993-465E-92A6-9087286A57FA}.Debug|Any CPU.ActiveCfg = Debug|Any CPU
		{B3A157A2-B993-465E-92A6-9087286A57FA}.Debug|Any CPU.Build.0 = Debug|Any CPU
		{B3A157A2-B993-465E-92A6-9087286A57FA}.Release|Any CPU.ActiveCfg = Release|Any CPU
		{B3A157A2-B993-465E-92A6-9087286A57FA}.Release|Any CPU.Build.0 = Release|Any CPU
		{BFD5DB68-3D96-4C16-A74F-94EB139E3173}.Debug|Any CPU.ActiveCfg = Debug|Any CPU
		{BFD5DB68-3D96-4C16-A74F-94EB139E3173}.Debug|Any CPU.Build.0 = Debug|Any CPU
		{BFD5DB68-3D96-4C16-A74F-94EB139E3173}.Release|Any CPU.ActiveCfg = Release|Any CPU
		{BFD5DB68-3D96-4C16-A74F-94EB139E3173}.Release|Any CPU.Build.0 = Release|Any CPU
		{719092CD-DBC1-4994-8EC3-8F6BC7A09648}.Debug|Any CPU.ActiveCfg = Debug|Any CPU
		{719092CD-DBC1-4994-8EC3-8F6BC7A09648}.Debug|Any CPU.Build.0 = Debug|Any CPU
		{719092CD-DBC1-4994-8EC3-8F6BC7A09648}.Release|Any CPU.ActiveCfg = Release|Any CPU
		{719092CD-DBC1-4994-8EC3-8F6BC7A09648}.Release|Any CPU.Build.0 = Release|Any CPU
		{89FAB8C2-F7D7-42B8-ACAA-D5F966F934EA}.Debug|Any CPU.ActiveCfg = Debug|Any CPU
		{89FAB8C2-F7D7-42B8-ACAA-D5F966F934EA}.Debug|Any CPU.Build.0 = Debug|Any CPU
		{89FAB8C2-F7D7-42B8-ACAA-D5F966F934EA}.Release|Any CPU.ActiveCfg = Release|Any CPU
		{89FAB8C2-F7D7-42B8-ACAA-D5F966F934EA}.Release|Any CPU.Build.0 = Release|Any CPU
		{CD6F6E8E-1D05-479B-AB2A-6AEAE8924CD1}.Debug|Any CPU.ActiveCfg = Debug|Any CPU
		{CD6F6E8E-1D05-479B-AB2A-6AEAE8924CD1}.Debug|Any CPU.Build.0 = Debug|Any CPU
		{CD6F6E8E-1D05-479B-AB2A-6AEAE8924CD1}.Release|Any CPU.ActiveCfg = Release|Any CPU
		{CD6F6E8E-1D05-479B-AB2A-6AEAE8924CD1}.Release|Any CPU.Build.0 = Release|Any CPU
		{A82F2459-A6AF-4F3F-ADCE-20D6EC0E340E}.Debug|Any CPU.ActiveCfg = Debug|Any CPU
		{A82F2459-A6AF-4F3F-ADCE-20D6EC0E340E}.Debug|Any CPU.Build.0 = Debug|Any CPU
		{A82F2459-A6AF-4F3F-ADCE-20D6EC0E340E}.Release|Any CPU.ActiveCfg = Release|Any CPU
		{A82F2459-A6AF-4F3F-ADCE-20D6EC0E340E}.Release|Any CPU.Build.0 = Release|Any CPU
		{04A76D4B-6C10-4BF2-AB08-F3E02E121068}.Debug|Any CPU.ActiveCfg = Debug|Any CPU
		{04A76D4B-6C10-4BF2-AB08-F3E02E121068}.Debug|Any CPU.Build.0 = Debug|Any CPU
		{04A76D4B-6C10-4BF2-AB08-F3E02E121068}.Release|Any CPU.ActiveCfg = Release|Any CPU
		{04A76D4B-6C10-4BF2-AB08-F3E02E121068}.Release|Any CPU.Build.0 = Release|Any CPU
	EndGlobalSection
	GlobalSection(SolutionProperties) = preSolution
		HideSolutionNode = FALSE
	EndGlobalSection
	GlobalSection(NestedProjects) = preSolution
		{847C3154-FE75-4AC8-BFD1-3228FB6813BE} = {FCF17011-88BB-4D87-99DD-CDA8A0314DE1}
		{EF178CC2-9563-476B-B39E-97857E2B59A5} = {FCF17011-88BB-4D87-99DD-CDA8A0314DE1}
		{1354529F-50D2-4A1E-9B3C-A331C9A86498} = {FCF17011-88BB-4D87-99DD-CDA8A0314DE1}
		{8E1E6248-3D3A-4DCC-BC69-EBDD036ED67F} = {3C8A6BED-6FB9-4D6B-BEC8-0379D4DED444}
		{7A43DB64-9034-48B6-B0A4-B5BADAD704B0} = {3C8A6BED-6FB9-4D6B-BEC8-0379D4DED444}
		{8D541697-6F6C-4F03-9C53-3B5EA9FDFA1A} = {3C8A6BED-6FB9-4D6B-BEC8-0379D4DED444}
		{CDB071AC-ED72-467C-8BD6-1B51F20EAB57} = {71350F93-CCB0-42D2-A991-3205B57E6393}
		{0D1E0B2E-F1CD-4175-9284-59E04FFDC51F} = {71350F93-CCB0-42D2-A991-3205B57E6393}
		{6C8162BE-113F-49B4-B4F2-2950EBA914A3} = {71350F93-CCB0-42D2-A991-3205B57E6393}
		{FA828D43-F0B0-41F6-BE7C-48D146CE7A74} = {28815182-7A0E-4180-B6CC-210E3D346708}
		{863B6561-A219-405F-93E9-B83006CC0EA3} = {28815182-7A0E-4180-B6CC-210E3D346708}
		{A3146EFE-2CF9-491D-9132-3429E443FE7C} = {28815182-7A0E-4180-B6CC-210E3D346708}
		{B63073EB-A19D-46B7-9FC6-0492EF390F69} = {7557B267-3313-4C87-AEEA-5968522F1403}
		{71954BC1-D0D0-4B4D-A4B1-5BB56488257E} = {7557B267-3313-4C87-AEEA-5968522F1403}
		{0D346657-040B-4F11-B0D7-D4D39905CF6D} = {7557B267-3313-4C87-AEEA-5968522F1403}
		{868C0A96-6261-4861-9207-C592F795F118} = {E2D36696-BB8C-4E7A-8319-CF783F0ABC27}
		{A8FCEE79-0FEB-4C80-A594-7FB835931D3E} = {E2D36696-BB8C-4E7A-8319-CF783F0ABC27}
		{B3A157A2-B993-465E-92A6-9087286A57FA} = {E2D36696-BB8C-4E7A-8319-CF783F0ABC27}
		{BFD5DB68-3D96-4C16-A74F-94EB139E3173} = {F4BA0CB7-FC3D-46C9-B5CF-1FEE35771F9C}
		{719092CD-DBC1-4994-8EC3-8F6BC7A09648} = {F4BA0CB7-FC3D-46C9-B5CF-1FEE35771F9C}
		{89FAB8C2-F7D7-42B8-ACAA-D5F966F934EA} = {F4BA0CB7-FC3D-46C9-B5CF-1FEE35771F9C}
		{CD6F6E8E-1D05-479B-AB2A-6AEAE8924CD1} = {166B3F6F-4B6F-4E06-8016-0367A32DECD2}
		{A82F2459-A6AF-4F3F-ADCE-20D6EC0E340E} = {166B3F6F-4B6F-4E06-8016-0367A32DECD2}
		{04A76D4B-6C10-4BF2-AB08-F3E02E121068} = {166B3F6F-4B6F-4E06-8016-0367A32DECD2}
	EndGlobalSection
	GlobalSection(ExtensibilityGlobals) = postSolution
		SolutionGuid = {8661B2BD-D10A-4DAB-8300-65111FFB48F5}
	EndGlobalSection
EndGlobal
